{
  "pins" : [
    {
      "identity" : "metaversekit",
      "kind" : "remoteSourceControl",
      "location" : "https://github.com/wabiverse/MetaverseKit.git",
      "state" : {
        "revision" : "de654aa5fa74a0be7d44de5b6cadbb9950af927e",
        "version" : "1.1.8"
      }
    },
    {
      "identity" : "swiftusd",
      "kind" : "remoteSourceControl",
      "location" : "https://github.com/wabiverse/SwiftUSD.git",
      "state" : {
        "revision" : "8dbcc78127f4fdb7d46802fbedfa443ca743bfa0",
        "version" : "23.8.0"
      }
    }
  ],
  "version" : 2
}
