{
  "originHash" : "313cf647b653f0d495da23fb96896f4a19e9e8b6f43b309ecfcf6abc98f9c57c",
  "pins" : [
    {
      "identity" : "galah",
      "kind" : "remoteSourceControl",
      "location" : "https://github.com/wabiverse/galah.git",
      "state" : {
        "revision" : "49cd69c9af968c034b345e39956ad458ce9bd27d",
        "version" : "1.0.2"
      }
    },
    {
      "identity" : "icu",
      "kind" : "remoteSourceControl",
      "location" : "https://github.com/wabiverse/icu.git",
      "state" : {
        "revision" : "07ddbe4cab45175e70b22ed05240bac5ec7e0421",
        "version" : "76.1.2"
      }
    },
    {
      "identity" : "krakenplugs",
      "kind" : "remoteSourceControl",
      "location" : "https://github.com/wabiverse/KrakenPlugs.git",
      "state" : {
        "revision" : "522989cec1fb7f8015694a5c79671fc8ab39e7ac",
        "version" : "1.0.0"
      }
    },
    {
      "identity" : "metaversekit",
      "kind" : "remoteSourceControl",
      "location" : "https://github.com/wabiverse/MetaverseKit.git",
      "state" : {
        "revision" : "2a39a3fb7b6cded055c46b69faa89387338eb7c1",
        "version" : "1.8.7"
      }
    },
    {
      "identity" : "metaverseplugin",
      "kind" : "remoteSourceControl",
      "location" : "https://github.com/wabiverse/MetaversePlugin.git",
      "state" : {
        "revision" : "c5b20ae3e9ee715914bf7701cb1f75cfac0e638c",
        "version" : "1.0.0"
      }
    },
    {
      "identity" : "metaversepythonframework",
      "kind" : "remoteSourceControl",
      "location" : "https://github.com/wabiverse/MetaversePythonFramework",
      "state" : {
        "revision" : "e2f4ba867b7e287a283a27a0005ab64deef14279",
        "version" : "3.11.7"
      }
    },
    {
      "identity" : "metaversevulkanframework",
      "kind" : "remoteSourceControl",
      "location" : "https://github.com/wabiverse/MetaverseVulkanFramework",
      "state" : {
        "revision" : "13c7061599c61a4959c558d8ec1836e5b32b640b",
        "version" : "1.26.2"
      }
    },
    {
      "identity" : "pythonkit",
      "kind" : "remoteSourceControl",
      "location" : "https://github.com/pvieito/PythonKit.git",
      "state" : {
        "revision" : "43647b36cacb99558e57ef98e97ef598f91d1164",
        "version" : "0.5.0"
      }
    },
    {
      "identity" : "rainbow",
      "kind" : "remoteSourceControl",
      "location" : "https://github.com/onevcat/Rainbow",
      "state" : {
        "revision" : "626c3d4b6b55354b4af3aa309f998fae9b31a3d9",
        "version" : "3.2.0"
      }
    },
    {
      "identity" : "rearrange",
      "kind" : "remoteSourceControl",
      "location" : "https://github.com/ChimeHQ/Rearrange",
      "state" : {
        "revision" : "5ff7f3363f7a08f77e0d761e38e6add31c2136e1",
        "version" : "1.8.1"
      }
    },
    {
      "identity" : "swift-argument-parser",
      "kind" : "remoteSourceControl",
      "location" : "https://github.com/apple/swift-argument-parser",
      "state" : {
        "revision" : "41982a3656a71c768319979febd796c6fd111d5c",
        "version" : "1.5.0"
      }
    },
    {
      "identity" : "swift-collections",
      "kind" : "remoteSourceControl",
      "location" : "https://github.com/apple/swift-collections",
      "state" : {
        "revision" : "671108c96644956dddcd89dd59c203dcdb36cec7",
        "version" : "1.1.4"
      }
    },
    {
      "identity" : "swift-log",
      "kind" : "remoteSourceControl",
      "location" : "https://github.com/apple/swift-log.git",
      "state" : {
        "revision" : "96a2f8a0fa41e9e09af4585e2724c4e825410b91",
        "version" : "1.6.2"
      }
    },
    {
      "identity" : "swift-macro-toolkit",
      "kind" : "remoteSourceControl",
      "location" : "https://github.com/stackotter/swift-macro-toolkit",
      "state" : {
        "revision" : "e706aa98bc28f82677923f7b8f560bba6f90fac2",
        "version" : "0.6.0"
      }
    },
    {
      "identity" : "swift-syntax",
      "kind" : "remoteSourceControl",
      "location" : "https://github.com/swiftlang/swift-syntax.git",
      "state" : {
        "revision" : "0687f71944021d616d34d922343dcef086855920",
        "version" : "600.0.1"
      }
    },
    {
      "identity" : "swifttreesitter",
      "kind" : "remoteSourceControl",
      "location" : "https://github.com/ChimeHQ/SwiftTreeSitter",
      "state" : {
        "revision" : "36aa61d1b531f744f35229f010efba9c6d6cbbdd",
        "version" : "0.9.0"
      }
    },
    {
      "identity" : "swiftusd",
      "kind" : "remoteSourceControl",
      "location" : "https://github.com/wabiverse/SwiftUSD",
      "state" : {
        "revision" : "2e3bc873fae3a66d2f0f754edbdc89e24b7cd1db",
        "version" : "24.8.10"
      }
    },
    {
      "identity" : "textformation",
      "kind" : "remoteSourceControl",
      "location" : "https://github.com/ChimeHQ/TextFormation.git",
      "state" : {
        "revision" : "b1ce9a14bd86042bba4de62236028dc4ce9db6a1",
        "version" : "0.9.0"
      }
    },
    {
      "identity" : "textstory",
      "kind" : "remoteSourceControl",
      "location" : "https://github.com/ChimeHQ/TextStory.git",
      "state" : {
        "revision" : "8dc9148b46fcf93b08ea9d4ef9bdb5e4f700e008",
        "version" : "0.9.0"
      }
    },
    {
      "identity" : "tree-sitter",
      "kind" : "remoteSourceControl",
      "location" : "https://github.com/tree-sitter/tree-sitter",
      "state" : {
        "revision" : "d97db6d63507eb62c536bcb2c4ac7d70c8ec665e",
        "version" : "0.23.2"
      }
    },
    {
      "identity" : "version",
      "kind" : "remoteSourceControl",
      "location" : "https://github.com/mxcl/Version.git",
      "state" : {
        "revision" : "303a0f916772545e1e8667d3104f83be708a723c",
        "version" : "2.1.0"
      }
    }
  ],
  "version" : 3
}
